
Microsoft Visual Studio Solution File, Format Version 11.00
# Visual Studio 2010
Project("{FAE04EC0-301F-11D3-BF4B-00C04F79EFBC}") = "Disinterested Bob", "Assembly-CSharp.csproj", "{D9AD0FBB-DDBF-2E94-1B2B-FAA5E5CD4176}"
EndProject
Global
	GlobalSection(SolutionConfigurationPlatforms) = preSolution
		Debug|Any CPU = Debug|Any CPU
		Release|Any CPU = Release|Any CPU
	EndGlobalSection
	GlobalSection(ProjectConfigurationPlatforms) = postSolution
		{D9AD0FBB-DDBF-2E94-1B2B-FAA5E5CD4176}.Debug|Any CPU.ActiveCfg = Debug|Any CPU
		{D9AD0FBB-DDBF-2E94-1B2B-FAA5E5CD4176}.Debug|Any CPU.Build.0 = Debug|Any CPU
		{D9AD0FBB-DDBF-2E94-1B2B-FAA5E5CD4176}.Release|Any CPU.ActiveCfg = Release|Any CPU
		{D9AD0FBB-DDBF-2E94-1B2B-FAA5E5CD4176}.Release|Any CPU.Build.0 = Release|Any CPU
	EndGlobalSection
	GlobalSection(SolutionProperties) = preSolution
		HideSolutionNode = FALSE
	EndGlobalSection
	GlobalSection(MonoDevelopProperties) = preSolution
		StartupItem = Assembly-CSharp.csproj
	EndGlobalSection
EndGlobal
